
Microsoft Visual Studio Solution File, Format Version 12.00
# Visual Studio 2013
VisualStudioVersion = 12.0.21005.1
MinimumVisualStudioVersion = 10.0.40219.1
Project("{FAE04EC0-301F-11D3-BF4B-00C04F79EFBC}") = "KatanaContrib.Security.Meetup", "KatanaContrib.Security.Meetup\KatanaContrib.Security.Meetup.csproj", "{14DCB50B-A2DD-48E2-8DC8-E17328501287}"
EndProject
Project("{2150E333-8FDC-42A3-9474-1A3956D46DE8}") = ".nuget", ".nuget", "{CD1FBCC8-2E91-43C2-A62E-353CBCE3B79D}"
	ProjectSection(SolutionItems) = preProject
		.nuget\NuGet.Config = .nuget\NuGet.Config
		.nuget\NuGet.exe = .nuget\NuGet.exe
		.nuget\NuGet.targets = .nuget\NuGet.targets
	EndProjectSection
EndProject
Project("{FAE04EC0-301F-11D3-BF4B-00C04F79EFBC}") = "KatanaContrib.Security.Dropbox", "KatanaContrib.Security.Dropbox\KatanaContrib.Security.Dropbox.csproj", "{8986BF39-DA58-4E0A-9682-1AE71CBA5C74}"
EndProject
Project("{FAE04EC0-301F-11D3-BF4B-00C04F79EFBC}") = "KatanaContrib.Security.Foursquare", "KatanaContrib.Security.Foursquare\KatanaContrib.Security.Foursquare.csproj", "{193A990A-A415-4538-A762-C0DA8D714C43}"
EndProject
Project("{FAE04EC0-301F-11D3-BF4B-00C04F79EFBC}") = "KatanaContrib.Security.Github", "KatanaContrib.Security.Github\KatanaContrib.Security.Github.csproj", "{9D81DD52-F89E-4534-86EC-25843AE55AE8}"
EndProject
Project("{FAE04EC0-301F-11D3-BF4B-00C04F79EFBC}") = "KatanaContrib.Security.Instagram", "KatanaContrib.Security.Instagram\KatanaContrib.Security.Instagram.csproj", "{D238235E-B825-4CF7-A19C-DFBD3CDEFC7D}"
EndProject
Project("{FAE04EC0-301F-11D3-BF4B-00C04F79EFBC}") = "KatanaContrib.Security.LinkedIn", "KatanaContrib.Security.LinkedIn\KatanaContrib.Security.LinkedIn.csproj", "{90D0FC85-7DD8-4D5D-86FC-FFE57D1A6219}"
EndProject
Project("{FAE04EC0-301F-11D3-BF4B-00C04F79EFBC}") = "KatanaContrib.Security.StackExchange", "KatanaContrib.Security.StackExchange\KatanaContrib.Security.StackExchange.csproj", "{98A45A81-B796-4253-AAAE-57DFB7388E33}"
EndProject
Global
	GlobalSection(SolutionConfigurationPlatforms) = preSolution
		Debug|Any CPU = Debug|Any CPU
		Release|Any CPU = Release|Any CPU
	EndGlobalSection
	GlobalSection(ProjectConfigurationPlatforms) = postSolution
		{14DCB50B-A2DD-48E2-8DC8-E17328501287}.Debug|Any CPU.ActiveCfg = Debug|Any CPU
		{14DCB50B-A2DD-48E2-8DC8-E17328501287}.Debug|Any CPU.Build.0 = Debug|Any CPU
		{14DCB50B-A2DD-48E2-8DC8-E17328501287}.Release|Any CPU.ActiveCfg = Release|Any CPU
		{14DCB50B-A2DD-48E2-8DC8-E17328501287}.Release|Any CPU.Build.0 = Release|Any CPU
		{8986BF39-DA58-4E0A-9682-1AE71CBA5C74}.Debug|Any CPU.ActiveCfg = Debug|Any CPU
		{8986BF39-DA58-4E0A-9682-1AE71CBA5C74}.Debug|Any CPU.Build.0 = Debug|Any CPU
		{8986BF39-DA58-4E0A-9682-1AE71CBA5C74}.Release|Any CPU.ActiveCfg = Release|Any CPU
		{8986BF39-DA58-4E0A-9682-1AE71CBA5C74}.Release|Any CPU.Build.0 = Release|Any CPU
		{193A990A-A415-4538-A762-C0DA8D714C43}.Debug|Any CPU.ActiveCfg = Debug|Any CPU
		{193A990A-A415-4538-A762-C0DA8D714C43}.Debug|Any CPU.Build.0 = Debug|Any CPU
		{193A990A-A415-4538-A762-C0DA8D714C43}.Release|Any CPU.ActiveCfg = Release|Any CPU
		{193A990A-A415-4538-A762-C0DA8D714C43}.Release|Any CPU.Build.0 = Release|Any CPU
		{9D81DD52-F89E-4534-86EC-25843AE55AE8}.Debug|Any CPU.ActiveCfg = Debug|Any CPU
		{9D81DD52-F89E-4534-86EC-25843AE55AE8}.Debug|Any CPU.Build.0 = Debug|Any CPU
		{9D81DD52-F89E-4534-86EC-25843AE55AE8}.Release|Any CPU.ActiveCfg = Release|Any CPU
		{9D81DD52-F89E-4534-86EC-25843AE55AE8}.Release|Any CPU.Build.0 = Release|Any CPU
		{D238235E-B825-4CF7-A19C-DFBD3CDEFC7D}.Debug|Any CPU.ActiveCfg = Debug|Any CPU
		{D238235E-B825-4CF7-A19C-DFBD3CDEFC7D}.Debug|Any CPU.Build.0 = Debug|Any CPU
		{D238235E-B825-4CF7-A19C-DFBD3CDEFC7D}.Release|Any CPU.ActiveCfg = Release|Any CPU
		{D238235E-B825-4CF7-A19C-DFBD3CDEFC7D}.Release|Any CPU.Build.0 = Release|Any CPU
		{90D0FC85-7DD8-4D5D-86FC-FFE57D1A6219}.Debug|Any CPU.ActiveCfg = Debug|Any CPU
		{90D0FC85-7DD8-4D5D-86FC-FFE57D1A6219}.Debug|Any CPU.Build.0 = Debug|Any CPU
		{90D0FC85-7DD8-4D5D-86FC-FFE57D1A6219}.Release|Any CPU.ActiveCfg = Release|Any CPU
		{90D0FC85-7DD8-4D5D-86FC-FFE57D1A6219}.Release|Any CPU.Build.0 = Release|Any CPU
		{98A45A81-B796-4253-AAAE-57DFB7388E33}.Debug|Any CPU.ActiveCfg = Debug|Any CPU
		{98A45A81-B796-4253-AAAE-57DFB7388E33}.Debug|Any CPU.Build.0 = Debug|Any CPU
		{98A45A81-B796-4253-AAAE-57DFB7388E33}.Release|Any CPU.ActiveCfg = Release|Any CPU
		{98A45A81-B796-4253-AAAE-57DFB7388E33}.Release|Any CPU.Build.0 = Release|Any CPU
	EndGlobalSection
	GlobalSection(SolutionProperties) = preSolution
		HideSolutionNode = FALSE
	EndGlobalSection
EndGlobal
