
Microsoft Visual Studio Solution File, Format Version 12.00
# Visual Studio 2013
VisualStudioVersion = 12.0.30501.0
MinimumVisualStudioVersion = 10.0.40219.1
Project("{FAE04EC0-301F-11D3-BF4B-00C04F79EFBC}") = "KatanaContrib.Security.Odnoklassniki", "KatanaContrib.Security.Odnoklassniki\KatanaContrib.Security.Odnoklassniki.csproj", "{5C9F0E1E-3CDA-42DD-9D31-83AA68FAA683}"
EndProject
Project("{FAE04EC0-301F-11D3-BF4B-00C04F79EFBC}") = "KatanaContrib.Security.VK", "KatanaContrib.Security.VK\KatanaContrib.Security.VK.csproj", "{7B12F103-5CC1-4BE7-81E5-C0D8AA532FDD}"
EndProject
Project("{FAE04EC0-301F-11D3-BF4B-00C04F79EFBC}") = "KatanaContrib.Security.Dropbox", "KatanaContrib.Security.Dropbox\KatanaContrib.Security.Dropbox.csproj", "{D7858C83-C750-4B74-B318-DECCDC82031B}"
EndProject
Project("{FAE04EC0-301F-11D3-BF4B-00C04F79EFBC}") = "KatanaContrib.Security.Foursquare", "KatanaContrib.Security.Foursquare\KatanaContrib.Security.Foursquare.csproj", "{C26B2266-ED70-4C75-8CDA-9FD546D2F3B4}"
EndProject
Project("{FAE04EC0-301F-11D3-BF4B-00C04F79EFBC}") = "KatanaContrib.Security.Github", "KatanaContrib.Security.Github\KatanaContrib.Security.Github.csproj", "{DEFE32FA-FEBB-4EBC-AE20-4D3E14739296}"
EndProject
Project("{FAE04EC0-301F-11D3-BF4B-00C04F79EFBC}") = "KatanaContrib.Security.Instagram", "KatanaContrib.Security.Instagram\KatanaContrib.Security.Instagram.csproj", "{6C2EA234-4D1C-4441-8259-1976FDB1D135}"
EndProject
Project("{FAE04EC0-301F-11D3-BF4B-00C04F79EFBC}") = "KatanaContrib.Security.LinkedIn", "KatanaContrib.Security.LinkedIn\KatanaContrib.Security.LinkedIn.csproj", "{99D6A1F9-BB88-43C2-8FEB-A42E004D9CA2}"
EndProject
Project("{FAE04EC0-301F-11D3-BF4B-00C04F79EFBC}") = "KatanaContrib.Security.Meetup", "KatanaContrib.Security.Meetup\KatanaContrib.Security.Meetup.csproj", "{03A97D93-9E18-4BDD-9592-31805A04FBC3}"
EndProject
Project("{FAE04EC0-301F-11D3-BF4B-00C04F79EFBC}") = "KatanaContrib.Security.StackExchange", "KatanaContrib.Security.StackExchange\KatanaContrib.Security.StackExchange.csproj", "{D1C8FDCB-97A4-4A31-B295-F6D8B014B1F7}"
EndProject
Project("{FAE04EC0-301F-11D3-BF4B-00C04F79EFBC}") = "KatanaContrib.Security.MyMail", "KatanaContrib.Security.MyMail\KatanaContrib.Security.MyMail.csproj", "{62052F98-AC9C-4317-96BE-3B80E660A3A0}"
EndProject
Global
	GlobalSection(SolutionConfigurationPlatforms) = preSolution
		Debug|Any CPU = Debug|Any CPU
		Release|Any CPU = Release|Any CPU
	EndGlobalSection
	GlobalSection(ProjectConfigurationPlatforms) = postSolution
		{5C9F0E1E-3CDA-42DD-9D31-83AA68FAA683}.Debug|Any CPU.ActiveCfg = Debug|Any CPU
		{5C9F0E1E-3CDA-42DD-9D31-83AA68FAA683}.Debug|Any CPU.Build.0 = Debug|Any CPU
		{5C9F0E1E-3CDA-42DD-9D31-83AA68FAA683}.Release|Any CPU.ActiveCfg = Release|Any CPU
		{5C9F0E1E-3CDA-42DD-9D31-83AA68FAA683}.Release|Any CPU.Build.0 = Release|Any CPU
		{7B12F103-5CC1-4BE7-81E5-C0D8AA532FDD}.Debug|Any CPU.ActiveCfg = Debug|Any CPU
		{7B12F103-5CC1-4BE7-81E5-C0D8AA532FDD}.Debug|Any CPU.Build.0 = Debug|Any CPU
		{7B12F103-5CC1-4BE7-81E5-C0D8AA532FDD}.Release|Any CPU.ActiveCfg = Release|Any CPU
		{7B12F103-5CC1-4BE7-81E5-C0D8AA532FDD}.Release|Any CPU.Build.0 = Release|Any CPU
		{D7858C83-C750-4B74-B318-DECCDC82031B}.Debug|Any CPU.ActiveCfg = Debug|Any CPU
		{D7858C83-C750-4B74-B318-DECCDC82031B}.Debug|Any CPU.Build.0 = Debug|Any CPU
		{D7858C83-C750-4B74-B318-DECCDC82031B}.Release|Any CPU.ActiveCfg = Release|Any CPU
		{D7858C83-C750-4B74-B318-DECCDC82031B}.Release|Any CPU.Build.0 = Release|Any CPU
		{C26B2266-ED70-4C75-8CDA-9FD546D2F3B4}.Debug|Any CPU.ActiveCfg = Debug|Any CPU
		{C26B2266-ED70-4C75-8CDA-9FD546D2F3B4}.Debug|Any CPU.Build.0 = Debug|Any CPU
		{C26B2266-ED70-4C75-8CDA-9FD546D2F3B4}.Release|Any CPU.ActiveCfg = Release|Any CPU
		{C26B2266-ED70-4C75-8CDA-9FD546D2F3B4}.Release|Any CPU.Build.0 = Release|Any CPU
		{DEFE32FA-FEBB-4EBC-AE20-4D3E14739296}.Debug|Any CPU.ActiveCfg = Debug|Any CPU
		{DEFE32FA-FEBB-4EBC-AE20-4D3E14739296}.Debug|Any CPU.Build.0 = Debug|Any CPU
		{DEFE32FA-FEBB-4EBC-AE20-4D3E14739296}.Release|Any CPU.ActiveCfg = Release|Any CPU
		{DEFE32FA-FEBB-4EBC-AE20-4D3E14739296}.Release|Any CPU.Build.0 = Release|Any CPU
		{6C2EA234-4D1C-4441-8259-1976FDB1D135}.Debug|Any CPU.ActiveCfg = Debug|Any CPU
		{6C2EA234-4D1C-4441-8259-1976FDB1D135}.Debug|Any CPU.Build.0 = Debug|Any CPU
		{6C2EA234-4D1C-4441-8259-1976FDB1D135}.Release|Any CPU.ActiveCfg = Release|Any CPU
		{6C2EA234-4D1C-4441-8259-1976FDB1D135}.Release|Any CPU.Build.0 = Release|Any CPU
		{99D6A1F9-BB88-43C2-8FEB-A42E004D9CA2}.Debug|Any CPU.ActiveCfg = Debug|Any CPU
		{99D6A1F9-BB88-43C2-8FEB-A42E004D9CA2}.Debug|Any CPU.Build.0 = Debug|Any CPU
		{99D6A1F9-BB88-43C2-8FEB-A42E004D9CA2}.Release|Any CPU.ActiveCfg = Release|Any CPU
		{99D6A1F9-BB88-43C2-8FEB-A42E004D9CA2}.Release|Any CPU.Build.0 = Release|Any CPU
		{03A97D93-9E18-4BDD-9592-31805A04FBC3}.Debug|Any CPU.ActiveCfg = Debug|Any CPU
		{03A97D93-9E18-4BDD-9592-31805A04FBC3}.Debug|Any CPU.Build.0 = Debug|Any CPU
		{03A97D93-9E18-4BDD-9592-31805A04FBC3}.Release|Any CPU.ActiveCfg = Release|Any CPU
		{03A97D93-9E18-4BDD-9592-31805A04FBC3}.Release|Any CPU.Build.0 = Release|Any CPU
		{D1C8FDCB-97A4-4A31-B295-F6D8B014B1F7}.Debug|Any CPU.ActiveCfg = Debug|Any CPU
		{D1C8FDCB-97A4-4A31-B295-F6D8B014B1F7}.Debug|Any CPU.Build.0 = Debug|Any CPU
		{D1C8FDCB-97A4-4A31-B295-F6D8B014B1F7}.Release|Any CPU.ActiveCfg = Release|Any CPU
		{D1C8FDCB-97A4-4A31-B295-F6D8B014B1F7}.Release|Any CPU.Build.0 = Release|Any CPU
		{62052F98-AC9C-4317-96BE-3B80E660A3A0}.Debug|Any CPU.ActiveCfg = Debug|Any CPU
		{62052F98-AC9C-4317-96BE-3B80E660A3A0}.Debug|Any CPU.Build.0 = Debug|Any CPU
		{62052F98-AC9C-4317-96BE-3B80E660A3A0}.Release|Any CPU.ActiveCfg = Release|Any CPU
		{62052F98-AC9C-4317-96BE-3B80E660A3A0}.Release|Any CPU.Build.0 = Release|Any CPU
	EndGlobalSection
	GlobalSection(SolutionProperties) = preSolution
		HideSolutionNode = FALSE
	EndGlobalSection
EndGlobal
